
Microsoft Visual Studio Solution File, Format Version 12.00
# Visual Studio Version 17
VisualStudioVersion = 17.6.33712.159
MinimumVisualStudioVersion = 10.0.40219.1
Project("{FAE04EC0-301F-11D3-BF4B-00C04F79EFBC}") = "GigFilesChecker", "GigFilesChecker\GigFilesChecker.csproj", "{12E4616D-536B-4B2F-B8EE-1885256FEE62}"
EndProject
Global
	GlobalSection(SolutionConfigurationPlatforms) = preSolution
		Debug|Any CPU = Debug|Any CPU
		Release|Any CPU = Release|Any CPU
	EndGlobalSection
	GlobalSection(ProjectConfigurationPlatforms) = postSolution
		{12E4616D-536B-4B2F-B8EE-1885256FEE62}.Debug|Any CPU.ActiveCfg = Debug|Any CPU
		{12E4616D-536B-4B2F-B8EE-1885256FEE62}.Debug|Any CPU.Build.0 = Debug|Any CPU
		{12E4616D-536B-4B2F-B8EE-1885256FEE62}.Release|Any CPU.ActiveCfg = Release|Any CPU
		{12E4616D-536B-4B2F-B8EE-1885256FEE62}.Release|Any CPU.Build.0 = Release|Any CPU
	EndGlobalSection
	GlobalSection(SolutionProperties) = preSolution
		HideSolutionNode = FALSE
	EndGlobalSection
	GlobalSection(ExtensibilityGlobals) = postSolution
		SolutionGuid = {7E608CBC-A7E1-473D-86B1-8B1A464B2FEC}
	EndGlobalSection
EndGlobal
